// !$*UTF8*$!
{
	archiveVersion = 1;
	classes = {
	};
	objectVersion = 46;
	objects = {

/* Begin PBXBuildFile section */
		03DFD4341B966F9E0006F6CB /* AppDelegate.swift in Sources */ = {isa = PBXBuildFile; fileRef = 03DFD4331B966F9E0006F6CB /* AppDelegate.swift */; };
		03DFD4361B966F9E0006F6CB /* ViewController.swift in Sources */ = {isa = PBXBuildFile; fileRef = 03DFD4351B966F9E0006F6CB /* ViewController.swift */; };
		03DFD4391B966F9E0006F6CB /* Main.storyboard in Resources */ = {isa = PBXBuildFile; fileRef = 03DFD4371B966F9E0006F6CB /* Main.storyboard */; };
		03DFD43B1B966F9E0006F6CB /* Images.xcassets in Resources */ = {isa = PBXBuildFile; fileRef = 03DFD43A1B966F9E0006F6CB /* Images.xcassets */; };
		03DFD43E1B966F9E0006F6CB /* LaunchScreen.xib in Resources */ = {isa = PBXBuildFile; fileRef = 03DFD43C1B966F9E0006F6CB /* LaunchScreen.xib */; };
		03DFD44A1B966F9E0006F6CB /* TipsyTests.swift in Sources */ = {isa = PBXBuildFile; fileRef = 03DFD4491B966F9E0006F6CB /* TipsyTests.swift */; };
/* End PBXBuildFile section */

/* Begin PBXContainerItemProxy section */
		03DFD4441B966F9E0006F6CB /* PBXContainerItemProxy */ = {
			isa = PBXContainerItemProxy;
			containerPortal = 03DFD4261B966F9E0006F6CB /* Project object */;
			proxyType = 1;
			remoteGlobalIDString = 03DFD42D1B966F9E0006F6CB;
			remoteInfo = Tipsy;
		};
/* End PBXContainerItemProxy section */

/* Begin PBXFileReference section */
		03DFD42E1B966F9E0006F6CB /* Tipsy.app */ = {isa = PBXFileReference; explicitFileType = wrapper.application; includeInIndex = 0; path = Tipsy.app; sourceTree = BUILT_PRODUCTS_DIR; };
		03DFD4321B966F9E0006F6CB /* Info.plist */ = {isa = PBXFileReference; lastKnownFileType = text.plist.xml; path = Info.plist; sourceTree = "<group>"; };
		03DFD4331B966F9E0006F6CB /* AppDelegate.swift */ = {isa = PBXFileReference; lastKnownFileType = sourcecode.swift; path = AppDelegate.swift; sourceTree = "<group>"; };
		03DFD4351B966F9E0006F6CB /* ViewController.swift */ = {isa = PBXFileReference; lastKnownFileType = sourcecode.swift; path = ViewController.swift; sourceTree = "<group>"; };
		03DFD4381B966F9E0006F6CB /* Base */ = {isa = PBXFileReference; lastKnownFileType = file.storyboard; name = Base; path = Base.lproj/Main.storyboard; sourceTree = "<group>"; };
		03DFD43A1B966F9E0006F6CB /* Images.xcassets */ = {isa = PBXFileReference; lastKnownFileType = folder.assetcatalog; path = Images.xcassets; sourceTree = "<group>"; };
		03DFD43D1B966F9E0006F6CB /* Base */ = {isa = PBXFileReference; lastKnownFileType = file.xib; name = Base; path = Base.lproj/LaunchScreen.xib; sourceTree = "<group>"; };
		03DFD4431B966F9E0006F6CB /* TipsyTests.xctest */ = {isa = PBXFileReference; explicitFileType = wrapper.cfbundle; includeInIndex = 0; path = TipsyTests.xctest; sourceTree = BUILT_PRODUCTS_DIR; };
		03DFD4481B966F9E0006F6CB /* Info.plist */ = {isa = PBXFileReference; lastKnownFileType = text.plist.xml; path = Info.plist; sourceTree = "<group>"; };
		03DFD4491B966F9E0006F6CB /* TipsyTests.swift */ = {isa = PBXFileReference; lastKnownFileType = sourcecode.swift; path = TipsyTests.swift; sourceTree = "<group>"; };
/* End PBXFileReference section */

/* Begin PBXFrameworksBuildPhase section */
		03DFD42B1B966F9E0006F6CB /* Frameworks */ = {
			isa = PBXFrameworksBuildPhase;
			buildActionMask = 2147483647;
			files = (
			);
			runOnlyForDeploymentPostprocessing = 0;
		};
		03DFD4401B966F9E0006F6CB /* Frameworks */ = {
			isa = PBXFrameworksBuildPhase;
			buildActionMask = 2147483647;
			files = (
			);
			runOnlyForDeploymentPostprocessing = 0;
		};
/* End PBXFrameworksBuildPhase section */

/* Begin PBXGroup section */
		03DFD4251B966F9D0006F6CB = {
			isa = PBXGroup;
			children = (
				03DFD4301B966F9E0006F6CB /* Tipsy */,
				03DFD4461B966F9E0006F6CB /* TipsyTests */,
				03DFD42F1B966F9E0006F6CB /* Products */,
			);
			sourceTree = "<group>";
		};
		03DFD42F1B966F9E0006F6CB /* Products */ = {
			isa = PBXGroup;
			children = (
				03DFD42E1B966F9E0006F6CB /* Tipsy.app */,
				03DFD4431B966F9E0006F6CB /* TipsyTests.xctest */,
			);
			name = Products;
			sourceTree = "<group>";
		};
		03DFD4301B966F9E0006F6CB /* Tipsy */ = {
			isa = PBXGroup;
			children = (
				03DFD4331B966F9E0006F6CB /* AppDelegate.swift */,
				03DFD4351B966F9E0006F6CB /* ViewController.swift */,
				03DFD4371B966F9E0006F6CB /* Main.storyboard */,
				03DFD43A1B966F9E0006F6CB /* Images.xcassets */,
				03DFD43C1B966F9E0006F6CB /* LaunchScreen.xib */,
				03DFD4311B966F9E0006F6CB /* Supporting Files */,
			);
			path = Tipsy;
			sourceTree = "<group>";
		};
		03DFD4311B966F9E0006F6CB /* Supporting Files */ = {
			isa = PBXGroup;
			children = (
				03DFD4321B966F9E0006F6CB /* Info.plist */,
			);
			name = "Supporting Files";
			sourceTree = "<group>";
		};
		03DFD4461B966F9E0006F6CB /* TipsyTests */ = {
			isa = PBXGroup;
			children = (
				03DFD4491B966F9E0006F6CB /* TipsyTests.swift */,
				03DFD4471B966F9E0006F6CB /* Supporting Files */,
			);
			path = TipsyTests;
			sourceTree = "<group>";
		};
		03DFD4471B966F9E0006F6CB /* Supporting Files */ = {
			isa = PBXGroup;
			children = (
				03DFD4481B966F9E0006F6CB /* Info.plist */,
			);
			name = "Supporting Files";
			sourceTree = "<group>";
		};
/* End PBXGroup section */

/* Begin PBXNativeTarget section */
		03DFD42D1B966F9E0006F6CB /* Tipsy */ = {
			isa = PBXNativeTarget;
			buildConfigurationList = 03DFD44D1B966F9E0006F6CB /* Build configuration list for PBXNativeTarget "Tipsy" */;
			buildPhases = (
				03DFD42A1B966F9E0006F6CB /* Sources */,
				03DFD42B1B966F9E0006F6CB /* Frameworks */,
				03DFD42C1B966F9E0006F6CB /* Resources */,
			);
			buildRules = (
			);
			dependencies = (
			);
			name = Tipsy;
			productName = Tipsy;
			productReference = 03DFD42E1B966F9E0006F6CB /* Tipsy.app */;
			productType = "com.apple.product-type.application";
		};
		03DFD4421B966F9E0006F6CB /* TipsyTests */ = {
			isa = PBXNativeTarget;
			buildConfigurationList = 03DFD4501B966F9E0006F6CB /* Build configuration list for PBXNativeTarget "TipsyTests" */;
			buildPhases = (
				03DFD43F1B966F9E0006F6CB /* Sources */,
				03DFD4401B966F9E0006F6CB /* Frameworks */,
				03DFD4411B966F9E0006F6CB /* Resources */,
			);
			buildRules = (
			);
			dependencies = (
				03DFD4451B966F9E0006F6CB /* PBXTargetDependency */,
			);
			name = TipsyTests;
			productName = TipsyTests;
			productReference = 03DFD4431B966F9E0006F6CB /* TipsyTests.xctest */;
			productType = "com.apple.product-type.bundle.unit-test";
		};
/* End PBXNativeTarget section */

/* Begin PBXProject section */
		03DFD4261B966F9E0006F6CB /* Project object */ = {
			isa = PBXProject;
			attributes = {
				LastUpgradeCheck = 0640;
				ORGANIZATIONNAME = "Rohan Shah";
				TargetAttributes = {
					03DFD42D1B966F9E0006F6CB = {
						CreatedOnToolsVersion = 6.4;
					};
					03DFD4421B966F9E0006F6CB = {
						CreatedOnToolsVersion = 6.4;
						TestTargetID = 03DFD42D1B966F9E0006F6CB;
					};
				};
			};
			buildConfigurationList = 03DFD4291B966F9E0006F6CB /* Build configuration list for PBXProject "Tipsy" */;
			compatibilityVersion = "Xcode 3.2";
			developmentRegion = English;
			hasScannedForEncodings = 0;
			knownRegions = (
				en,
				Base,
			);
			mainGroup = 03DFD4251B966F9D0006F6CB;
			productRefGroup = 03DFD42F1B966F9E0006F6CB /* Products */;
			projectDirPath = "";
			projectRoot = "";
			targets = (
				03DFD42D1B966F9E0006F6CB /* Tipsy */,
				03DFD4421B966F9E0006F6CB /* TipsyTests */,
			);
		};
/* End PBXProject section */

/* Begin PBXResourcesBuildPhase section */
		03DFD42C1B966F9E0006F6CB /* Resources */ = {
			isa = PBXResourcesBuildPhase;
			buildActionMask = 2147483647;
			files = (
				03DFD4391B966F9E0006F6CB /* Main.storyboard in Resources */,
				03DFD43E1B966F9E0006F6CB /* LaunchScreen.xib in Resources */,
				03DFD43B1B966F9E0006F6CB /* Images.xcassets in Resources */,
			);
			runOnlyForDeploymentPostprocessing = 0;
		};
		03DFD4411B966F9E0006F6CB /* Resources */ = {
			isa = PBXResourcesBuildPhase;
			buildActionMask = 2147483647;
			files = (
			);
			runOnlyForDeploymentPostprocessing = 0;
		};
/* End PBXResourcesBuildPhase section */

/* Begin PBXSourcesBuildPhase section */
		03DFD42A1B966F9E0006F6CB /* Sources */ = {
			isa = PBXSourcesBuildPhase;
			buildActionMask = 2147483647;
			files = (
				03DFD4361B966F9E0006F6CB /* ViewController.swift in Sources */,
				03DFD4341B966F9E0006F6CB /* AppDelegate.swift in Sources */,
			);
			runOnlyForDeploymentPostprocessing = 0;
		};
		03DFD43F1B966F9E0006F6CB /* Sources */ = {
			isa = PBXSourcesBuildPhase;
			buildActionMask = 2147483647;
			files = (
				03DFD44A1B966F9E0006F6CB /* TipsyTests.swift in Sources */,
			);
			runOnlyForDeploymentPostprocessing = 0;
		};
/* End PBXSourcesBuildPhase section */

/* Begin PBXTargetDependency section */
		03DFD4451B966F9E0006F6CB /* PBXTargetDependency */ = {
			isa = PBXTargetDependency;
			target = 03DFD42D1B966F9E0006F6CB /* Tipsy */;
			targetProxy = 03DFD4441B966F9E0006F6CB /* PBXContainerItemProxy */;
		};
/* End PBXTargetDependency section */

/* Begin PBXVariantGroup section */
		03DFD4371B966F9E0006F6CB /* Main.storyboard */ = {
			isa = PBXVariantGroup;
			children = (
				03DFD4381B966F9E0006F6CB /* Base */,
			);
			name = Main.storyboard;
			sourceTree = "<group>";
		};
		03DFD43C1B966F9E0006F6CB /* LaunchScreen.xib */ = {
			isa = PBXVariantGroup;
			children = (
				03DFD43D1B966F9E0006F6CB /* Base */,
			);
			name = LaunchScreen.xib;
			sourceTree = "<group>";
		};
/* End PBXVariantGroup section */

/* Begin XCBuildConfiguration section */
		03DFD44B1B966F9E0006F6CB /* Debug */ = {
			isa = XCBuildConfiguration;
			buildSettings = {
				ALWAYS_SEARCH_USER_PATHS = NO;
				CLANG_CXX_LANGUAGE_STANDARD = "gnu++0x";
				CLANG_CXX_LIBRARY = "libc++";
				CLANG_ENABLE_MODULES = YES;
				CLANG_ENABLE_OBJC_ARC = YES;
				CLANG_WARN_BOOL_CONVERSION = YES;
				CLANG_WARN_CONSTANT_CONVERSION = YES;
				CLANG_WARN_DIRECT_OBJC_ISA_USAGE = YES_ERROR;
				CLANG_WARN_EMPTY_BODY = YES;
				CLANG_WARN_ENUM_CONVERSION = YES;
				CLANG_WARN_INT_CONVERSION = YES;
				CLANG_WARN_OBJC_ROOT_CLASS = YES_ERROR;
				CLANG_WARN_UNREACHABLE_CODE = YES;
				CLANG_WARN__DUPLICATE_METHOD_MATCH = YES;
				"CODE_SIGN_IDENTITY[sdk=iphoneos*]" = "iPhone Developer";
				COPY_PHASE_STRIP = NO;
				DEBUG_INFORMATION_FORMAT = "dwarf-with-dsym";
				ENABLE_STRICT_OBJC_MSGSEND = YES;
				GCC_C_LANGUAGE_STANDARD = gnu99;
				GCC_DYNAMIC_NO_PIC = NO;
				GCC_NO_COMMON_BLOCKS = YES;
				GCC_OPTIMIZATION_LEVEL = 0;
				GCC_PREPROCESSOR_DEFINITIONS = (
					"DEBUG=1",
					"$(inherited)",
				);
				GCC_SYMBOLS_PRIVATE_EXTERN = NO;
				GCC_WARN_64_TO_32_BIT_CONVERSION = YES;
				GCC_WARN_ABOUT_RETURN_TYPE = YES_ERROR;
				GCC_WARN_UNDECLARED_SELECTOR = YES;
				GCC_WARN_UNINITIALIZED_AUTOS = YES_AGGRESSIVE;
				GCC_WARN_UNUSED_FUNCTION = YES;
				GCC_WARN_UNUSED_VARIABLE = YES;
				IPHONEOS_DEPLOYMENT_TARGET = 8.4;
				MTL_ENABLE_DEBUG_INFO = YES;
				ONLY_ACTIVE_ARCH = YES;
				SDKROOT = iphoneos;
				SWIFT_OPTIMIZATION_LEVEL = "-Onone";
				TARGETED_DEVICE_FAMILY = "1,2";
			};
			name = Debug;
		};
		03DFD44C1B966F9E0006F6CB /* Release */ = {
			isa = XCBuildConfiguration;
			buildSettings = {
				ALWAYS_SEARCH_USER_PATHS = NO;
				CLANG_CXX_LANGUAGE_STANDARD = "gnu++0x";
				CLANG_CXX_LIBRARY = "libc++";
				CLANG_ENABLE_MODULES = YES;
				CLANG_ENABLE_OBJC_ARC = YES;
				CLANG_WARN_BOOL_CONVERSION = YES;
				CLANG_WARN_CONSTANT_CONVERSION = YES;
				CLANG_WARN_DIRECT_OBJC_ISA_USAGE = YES_ERROR;
				CLANG_WARN_EMPTY_BODY = YES;
				CLANG_WARN_ENUM_CONVERSION = YES;
				CLANG_WARN_INT_CONVERSION = YES;
				CLANG_WARN_OBJC_ROOT_CLASS = YES_ERROR;
				CLANG_WARN_UNREACHABLE_CODE = YES;
				CLANG_WARN__DUPLICATE_METHOD_MATCH = YES;
				"CODE_SIGN_IDENTITY[sdk=iphoneos*]" = "iPhone Developer";
				COPY_PHASE_STRIP = NO;
				DEBUG_INFORMATION_FORMAT = "dwarf-with-dsym";
				ENABLE_NS_ASSERTIONS = NO;
				ENABLE_STRICT_OBJC_MSGSEND = YES;
				GCC_C_LANGUAGE_STANDARD = gnu99;
				GCC_NO_COMMON_BLOCKS = YES;
				GCC_WARN_64_TO_32_BIT_CONVERSION = YES;
				GCC_WARN_ABOUT_RETURN_TYPE = YES_ERROR;
				GCC_WARN_UNDECLARED_SELECTOR = YES;
				GCC_WARN_UNINITIALIZED_AUTOS = YES_AGGRESSIVE;
				GCC_WARN_UNUSED_FUNCTION = YES;
				GCC_WARN_UNUSED_VARIABLE = YES;
				IPHONEOS_DEPLOYMENT_TARGET = 8.4;
				MTL_ENABLE_DEBUG_INFO = NO;
				SDKROOT = iphoneos;
				TARGETED_DEVICE_FAMILY = "1,2";
				VALIDATE_PRODUCT = YES;
			};
			name = Release;
		};
		03DFD44E1B966F9E0006F6CB /* Debug */ = {
			isa = XCBuildConfiguration;
			buildSettings = {
				ASSETCATALOG_COMPILER_APPICON_NAME = AppIcon;
				INFOPLIST_FILE = Tipsy/Info.plist;
				IPHONEOS_DEPLOYMENT_TARGET = 7.0;
				LD_RUNPATH_SEARCH_PATHS = "$(inherited) @executable_path/Frameworks";
				PRODUCT_NAME = "$(TARGET_NAME)";
				TARGETED_DEVICE_FAMILY = "1,2";
			};
			name = Debug;
		};
		03DFD44F1B966F9E0006F6CB /* Release */ = {
			isa = XCBuildConfiguration;
			buildSettings = {
				ASSETCATALOG_COMPILER_APPICON_NAME = AppIcon;
				INFOPLIST_FILE = Tipsy/Info.plist;
				IPHONEOS_DEPLOYMENT_TARGET = 7.0;
				LD_RUNPATH_SEARCH_PATHS = "$(inherited) @executable_path/Frameworks";
				PRODUCT_NAME = "$(TARGET_NAME)";
				TARGETED_DEVICE_FAMILY = "1,2";
			};
			name = Release;
		};
		03DFD4511B966F9E0006F6CB /* Debug */ = {
			isa = XCBuildConfiguration;
			buildSettings = {
				BUNDLE_LOADER = "$(TEST_HOST)";
				FRAMEWORK_SEARCH_PATHS = (
					"$(SDKROOT)/Developer/Library/Frameworks",
					"$(inherited)",
				);
				GCC_PREPROCESSOR_DEFINITIONS = (
					"DEBUG=1",
					"$(inherited)",
				);
				INFOPLIST_FILE = TipsyTests/Info.plist;
				LD_RUNPATH_SEARCH_PATHS = "$(inherited) @executable_path/Frameworks @loader_path/Frameworks";
				PRODUCT_NAME = "$(TARGET_NAME)";
				TEST_HOST = "$(BUILT_PRODUCTS_DIR)/Tipsy.app/Tipsy";
			};
			name = Debug;
		};
		03DFD4521B966F9E0006F6CB /* Release */ = {
			isa = XCBuildConfiguration;
			buildSettings = {
				BUNDLE_LOADER = "$(TEST_HOST)";
				FRAMEWORK_SEARCH_PATHS = (
					"$(SDKROOT)/Developer/Library/Frameworks",
					"$(inherited)",
				);
				INFOPLIST_FILE = TipsyTests/Info.plist;
				LD_RUNPATH_SEARCH_PATHS = "$(inherited) @executable_path/Frameworks @loader_path/Frameworks";
				PRODUCT_NAME = "$(TARGET_NAME)";
				TEST_HOST = "$(BUILT_PRODUCTS_DIR)/Tipsy.app/Tipsy";
			};
			name = Release;
		};
/* End XCBuildConfiguration section */

/* Begin XCConfigurationList section */
		03DFD4291B966F9E0006F6CB /* Build configuration list for PBXProject "Tipsy" */ = {
			isa = XCConfigurationList;
			buildConfigurations = (
				03DFD44B1B966F9E0006F6CB /* Debug */,
				03DFD44C1B966F9E0006F6CB /* Release */,
			);
			defaultConfigurationIsVisible = 0;
			defaultConfigurationName = Release;
		};
		03DFD44D1B966F9E0006F6CB /* Build configuration list for PBXNativeTarget "Tipsy" */ = {
			isa = XCConfigurationList;
			buildConfigurations = (
				03DFD44E1B966F9E0006F6CB /* Debug */,
				03DFD44F1B966F9E0006F6CB /* Release */,
			);
			defaultConfigurationIsVisible = 0;
		};
		03DFD4501B966F9E0006F6CB /* Build configuration list for PBXNativeTarget "TipsyTests" */ = {
			isa = XCConfigurationList;
			buildConfigurations = (
				03DFD4511B966F9E0006F6CB /* Debug */,
				03DFD4521B966F9E0006F6CB /* Release */,
			);
			defaultConfigurationIsVisible = 0;
		};
/* End XCConfigurationList section */
	};
	rootObject = 03DFD4261B966F9E0006F6CB /* Project object */;
}
