// !$*UTF8*$!
{
	archiveVersion = 1;
	classes = {
	};
	objectVersion = 46;
	objects = {

/* Begin PBXBuildFile section */
		03199AEA1BA168F200CD5485 /* AppDelegate.swift in Sources */ = {isa = PBXBuildFile; fileRef = 03199AE91BA168F200CD5485 /* AppDelegate.swift */; };
		03199AEF1BA168F200CD5485 /* Main.storyboard in Resources */ = {isa = PBXBuildFile; fileRef = 03199AED1BA168F200CD5485 /* Main.storyboard */; };
		03199AF11BA168F200CD5485 /* Images.xcassets in Resources */ = {isa = PBXBuildFile; fileRef = 03199AF01BA168F200CD5485 /* Images.xcassets */; };
		03199AF41BA168F200CD5485 /* LaunchScreen.xib in Resources */ = {isa = PBXBuildFile; fileRef = 03199AF21BA168F200CD5485 /* LaunchScreen.xib */; };
		03199B001BA168F200CD5485 /* RottenTomatoesTests.swift in Sources */ = {isa = PBXBuildFile; fileRef = 03199AFF1BA168F200CD5485 /* RottenTomatoesTests.swift */; };
		035E12E61BA80E6D00E53302 /* MovieDescriptionViewController.swift in Sources */ = {isa = PBXBuildFile; fileRef = 035E12E51BA80E6D00E53302 /* MovieDescriptionViewController.swift */; };
		036B182C1BA6BC8200DFBDD6 /* MoviesViewController.swift in Sources */ = {isa = PBXBuildFile; fileRef = 036B182B1BA6BC8200DFBDD6 /* MoviesViewController.swift */; };
		036B18311BA6C50A00DFBDD6 /* MovieCell.swift in Sources */ = {isa = PBXBuildFile; fileRef = 036B18301BA6C50A00DFBDD6 /* MovieCell.swift */; };
		CF84F71BC6004FA84F3AE27E /* Pods_RottenTomatoes.framework in Frameworks */ = {isa = PBXBuildFile; fileRef = 5C0636B6B01DC9A01E7B58F0 /* Pods_RottenTomatoes.framework */; settings = {ATTRIBUTES = (Weak, ); }; };
/* End PBXBuildFile section */

/* Begin PBXContainerItemProxy section */
		03199AFA1BA168F200CD5485 /* PBXContainerItemProxy */ = {
			isa = PBXContainerItemProxy;
			containerPortal = 03199ADC1BA168F200CD5485 /* Project object */;
			proxyType = 1;
			remoteGlobalIDString = 03199AE31BA168F200CD5485;
			remoteInfo = RottenTomatoes;
		};
/* End PBXContainerItemProxy section */

/* Begin PBXFileReference section */
		03199AE41BA168F200CD5485 /* RottenTomatoes.app */ = {isa = PBXFileReference; explicitFileType = wrapper.application; includeInIndex = 0; path = RottenTomatoes.app; sourceTree = BUILT_PRODUCTS_DIR; };
		03199AE81BA168F200CD5485 /* Info.plist */ = {isa = PBXFileReference; lastKnownFileType = text.plist.xml; path = Info.plist; sourceTree = "<group>"; };
		03199AE91BA168F200CD5485 /* AppDelegate.swift */ = {isa = PBXFileReference; lastKnownFileType = sourcecode.swift; path = AppDelegate.swift; sourceTree = "<group>"; };
		03199AEE1BA168F200CD5485 /* Base */ = {isa = PBXFileReference; lastKnownFileType = file.storyboard; name = Base; path = Base.lproj/Main.storyboard; sourceTree = "<group>"; };
		03199AF01BA168F200CD5485 /* Images.xcassets */ = {isa = PBXFileReference; lastKnownFileType = folder.assetcatalog; path = Images.xcassets; sourceTree = "<group>"; };
		03199AF31BA168F200CD5485 /* Base */ = {isa = PBXFileReference; lastKnownFileType = file.xib; name = Base; path = Base.lproj/LaunchScreen.xib; sourceTree = "<group>"; };
		03199AF91BA168F200CD5485 /* RottenTomatoesTests.xctest */ = {isa = PBXFileReference; explicitFileType = wrapper.cfbundle; includeInIndex = 0; path = RottenTomatoesTests.xctest; sourceTree = BUILT_PRODUCTS_DIR; };
		03199AFE1BA168F200CD5485 /* Info.plist */ = {isa = PBXFileReference; lastKnownFileType = text.plist.xml; path = Info.plist; sourceTree = "<group>"; };
		03199AFF1BA168F200CD5485 /* RottenTomatoesTests.swift */ = {isa = PBXFileReference; lastKnownFileType = sourcecode.swift; path = RottenTomatoesTests.swift; sourceTree = "<group>"; };
		035E12E51BA80E6D00E53302 /* MovieDescriptionViewController.swift */ = {isa = PBXFileReference; fileEncoding = 4; lastKnownFileType = sourcecode.swift; path = MovieDescriptionViewController.swift; sourceTree = "<group>"; };
		036B182B1BA6BC8200DFBDD6 /* MoviesViewController.swift */ = {isa = PBXFileReference; fileEncoding = 4; lastKnownFileType = sourcecode.swift; path = MoviesViewController.swift; sourceTree = "<group>"; };
		036B18301BA6C50A00DFBDD6 /* MovieCell.swift */ = {isa = PBXFileReference; fileEncoding = 4; lastKnownFileType = sourcecode.swift; path = MovieCell.swift; sourceTree = "<group>"; };
		0389211FEB8D0F002EA681BD /* Pods-RottenTomatoes.release.xcconfig */ = {isa = PBXFileReference; includeInIndex = 1; lastKnownFileType = text.xcconfig; name = "Pods-RottenTomatoes.release.xcconfig"; path = "Pods/Target Support Files/Pods-RottenTomatoes/Pods-RottenTomatoes.release.xcconfig"; sourceTree = "<group>"; };
		03EFA7691BA6CA3F007EF0E2 /* RottenTomatoes-Bridging-Header.h */ = {isa = PBXFileReference; lastKnownFileType = sourcecode.c.h; path = "RottenTomatoes-Bridging-Header.h"; sourceTree = "<group>"; };
		5C0636B6B01DC9A01E7B58F0 /* Pods_RottenTomatoes.framework */ = {isa = PBXFileReference; explicitFileType = wrapper.framework; includeInIndex = 0; path = Pods_RottenTomatoes.framework; sourceTree = BUILT_PRODUCTS_DIR; };
		B9196383E1FC792CF0573D6E /* Pods-RottenTomatoes.debug.xcconfig */ = {isa = PBXFileReference; includeInIndex = 1; lastKnownFileType = text.xcconfig; name = "Pods-RottenTomatoes.debug.xcconfig"; path = "Pods/Target Support Files/Pods-RottenTomatoes/Pods-RottenTomatoes.debug.xcconfig"; sourceTree = "<group>"; };
/* End PBXFileReference section */

/* Begin PBXFrameworksBuildPhase section */
		03199AE11BA168F200CD5485 /* Frameworks */ = {
			isa = PBXFrameworksBuildPhase;
			buildActionMask = 2147483647;
			files = (
				CF84F71BC6004FA84F3AE27E /* Pods_RottenTomatoes.framework in Frameworks */,
			);
			runOnlyForDeploymentPostprocessing = 0;
		};
		03199AF61BA168F200CD5485 /* Frameworks */ = {
			isa = PBXFrameworksBuildPhase;
			buildActionMask = 2147483647;
			files = (
			);
			runOnlyForDeploymentPostprocessing = 0;
		};
/* End PBXFrameworksBuildPhase section */

/* Begin PBXGroup section */
		03199ADB1BA168F200CD5485 = {
			isa = PBXGroup;
			children = (
				03199AE61BA168F200CD5485 /* RottenTomatoes */,
				03199AFC1BA168F200CD5485 /* RottenTomatoesTests */,
				03199AE51BA168F200CD5485 /* Products */,
				C5E0EF76B130D086629CA01D /* Pods */,
				6AB786291AE0BA264BCC896B /* Frameworks */,
			);
			sourceTree = "<group>";
		};
		03199AE51BA168F200CD5485 /* Products */ = {
			isa = PBXGroup;
			children = (
				03199AE41BA168F200CD5485 /* RottenTomatoes.app */,
				03199AF91BA168F200CD5485 /* RottenTomatoesTests.xctest */,
			);
			name = Products;
			sourceTree = "<group>";
		};
		03199AE61BA168F200CD5485 /* RottenTomatoes */ = {
			isa = PBXGroup;
			children = (
				036B182D1BA6C4A200DFBDD6 /* Views */,
				036B182A1BA6BC6200DFBDD6 /* View Controller */,
				03199AE91BA168F200CD5485 /* AppDelegate.swift */,
				03199AED1BA168F200CD5485 /* Main.storyboard */,
				03199AF01BA168F200CD5485 /* Images.xcassets */,
				03199AF21BA168F200CD5485 /* LaunchScreen.xib */,
				03199AE71BA168F200CD5485 /* Supporting Files */,
				03EFA7691BA6CA3F007EF0E2 /* RottenTomatoes-Bridging-Header.h */,
			);
			path = RottenTomatoes;
			sourceTree = "<group>";
		};
		03199AE71BA168F200CD5485 /* Supporting Files */ = {
			isa = PBXGroup;
			children = (
				03199AE81BA168F200CD5485 /* Info.plist */,
			);
			name = "Supporting Files";
			sourceTree = "<group>";
		};
		03199AFC1BA168F200CD5485 /* RottenTomatoesTests */ = {
			isa = PBXGroup;
			children = (
				03199AFF1BA168F200CD5485 /* RottenTomatoesTests.swift */,
				03199AFD1BA168F200CD5485 /* Supporting Files */,
			);
			path = RottenTomatoesTests;
			sourceTree = "<group>";
		};
		03199AFD1BA168F200CD5485 /* Supporting Files */ = {
			isa = PBXGroup;
			children = (
				03199AFE1BA168F200CD5485 /* Info.plist */,
			);
			name = "Supporting Files";
			sourceTree = "<group>";
		};
		036B182A1BA6BC6200DFBDD6 /* View Controller */ = {
			isa = PBXGroup;
			children = (
				036B182B1BA6BC8200DFBDD6 /* MoviesViewController.swift */,
				035E12E51BA80E6D00E53302 /* MovieDescriptionViewController.swift */,
			);
			name = "View Controller";
			sourceTree = "<group>";
		};
		036B182D1BA6C4A200DFBDD6 /* Views */ = {
			isa = PBXGroup;
			children = (
				036B18301BA6C50A00DFBDD6 /* MovieCell.swift */,
			);
			name = Views;
			sourceTree = "<group>";
		};
		6AB786291AE0BA264BCC896B /* Frameworks */ = {
			isa = PBXGroup;
			children = (
				5C0636B6B01DC9A01E7B58F0 /* Pods_RottenTomatoes.framework */,
			);
			name = Frameworks;
			sourceTree = "<group>";
		};
		C5E0EF76B130D086629CA01D /* Pods */ = {
			isa = PBXGroup;
			children = (
				B9196383E1FC792CF0573D6E /* Pods-RottenTomatoes.debug.xcconfig */,
				0389211FEB8D0F002EA681BD /* Pods-RottenTomatoes.release.xcconfig */,
			);
			name = Pods;
			sourceTree = "<group>";
		};
/* End PBXGroup section */

/* Begin PBXNativeTarget section */
		03199AE31BA168F200CD5485 /* RottenTomatoes */ = {
			isa = PBXNativeTarget;
			buildConfigurationList = 03199B031BA168F200CD5485 /* Build configuration list for PBXNativeTarget "RottenTomatoes" */;
			buildPhases = (
				C7E581C6E760379E10C2071E /* Check Pods Manifest.lock */,
				03199AE01BA168F200CD5485 /* Sources */,
				03199AE11BA168F200CD5485 /* Frameworks */,
				03199AE21BA168F200CD5485 /* Resources */,
				B89B066699C83599C7E76B53 /* Copy Pods Resources */,
				91418E1B8823D053E20C36D8 /* Embed Pods Frameworks */,
			);
			buildRules = (
			);
			dependencies = (
			);
			name = RottenTomatoes;
			productName = RottenTomatoes;
			productReference = 03199AE41BA168F200CD5485 /* RottenTomatoes.app */;
			productType = "com.apple.product-type.application";
		};
		03199AF81BA168F200CD5485 /* RottenTomatoesTests */ = {
			isa = PBXNativeTarget;
			buildConfigurationList = 03199B061BA168F200CD5485 /* Build configuration list for PBXNativeTarget "RottenTomatoesTests" */;
			buildPhases = (
				03199AF51BA168F200CD5485 /* Sources */,
				03199AF61BA168F200CD5485 /* Frameworks */,
				03199AF71BA168F200CD5485 /* Resources */,
			);
			buildRules = (
			);
			dependencies = (
				03199AFB1BA168F200CD5485 /* PBXTargetDependency */,
			);
			name = RottenTomatoesTests;
			productName = RottenTomatoesTests;
			productReference = 03199AF91BA168F200CD5485 /* RottenTomatoesTests.xctest */;
			productType = "com.apple.product-type.bundle.unit-test";
		};
/* End PBXNativeTarget section */

/* Begin PBXProject section */
		03199ADC1BA168F200CD5485 /* Project object */ = {
			isa = PBXProject;
			attributes = {
				LastUpgradeCheck = 0640;
				ORGANIZATIONNAME = "Rohan Shah";
				TargetAttributes = {
					03199AE31BA168F200CD5485 = {
						CreatedOnToolsVersion = 6.4;
					};
					03199AF81BA168F200CD5485 = {
						CreatedOnToolsVersion = 6.4;
						TestTargetID = 03199AE31BA168F200CD5485;
					};
				};
			};
			buildConfigurationList = 03199ADF1BA168F200CD5485 /* Build configuration list for PBXProject "RottenTomatoes" */;
			compatibilityVersion = "Xcode 3.2";
			developmentRegion = English;
			hasScannedForEncodings = 0;
			knownRegions = (
				en,
				Base,
			);
			mainGroup = 03199ADB1BA168F200CD5485;
			productRefGroup = 03199AE51BA168F200CD5485 /* Products */;
			projectDirPath = "";
			projectRoot = "";
			targets = (
				03199AE31BA168F200CD5485 /* RottenTomatoes */,
				03199AF81BA168F200CD5485 /* RottenTomatoesTests */,
			);
		};
/* End PBXProject section */

/* Begin PBXResourcesBuildPhase section */
		03199AE21BA168F200CD5485 /* Resources */ = {
			isa = PBXResourcesBuildPhase;
			buildActionMask = 2147483647;
			files = (
				03199AEF1BA168F200CD5485 /* Main.storyboard in Resources */,
				03199AF41BA168F200CD5485 /* LaunchScreen.xib in Resources */,
				03199AF11BA168F200CD5485 /* Images.xcassets in Resources */,
			);
			runOnlyForDeploymentPostprocessing = 0;
		};
		03199AF71BA168F200CD5485 /* Resources */ = {
			isa = PBXResourcesBuildPhase;
			buildActionMask = 2147483647;
			files = (
			);
			runOnlyForDeploymentPostprocessing = 0;
		};
/* End PBXResourcesBuildPhase section */

/* Begin PBXShellScriptBuildPhase section */
		91418E1B8823D053E20C36D8 /* Embed Pods Frameworks */ = {
			isa = PBXShellScriptBuildPhase;
			buildActionMask = 2147483647;
			files = (
			);
			inputPaths = (
			);
			name = "Embed Pods Frameworks";
			outputPaths = (
			);
			runOnlyForDeploymentPostprocessing = 0;
			shellPath = /bin/sh;
			shellScript = "\"${SRCROOT}/Pods/Target Support Files/Pods-RottenTomatoes/Pods-RottenTomatoes-frameworks.sh\"\n";
			showEnvVarsInLog = 0;
		};
		B89B066699C83599C7E76B53 /* Copy Pods Resources */ = {
			isa = PBXShellScriptBuildPhase;
			buildActionMask = 2147483647;
			files = (
			);
			inputPaths = (
			);
			name = "Copy Pods Resources";
			outputPaths = (
			);
			runOnlyForDeploymentPostprocessing = 0;
			shellPath = /bin/sh;
			shellScript = "\"${SRCROOT}/Pods/Target Support Files/Pods-RottenTomatoes/Pods-RottenTomatoes-resources.sh\"\n";
			showEnvVarsInLog = 0;
		};
		C7E581C6E760379E10C2071E /* Check Pods Manifest.lock */ = {
			isa = PBXShellScriptBuildPhase;
			buildActionMask = 2147483647;
			files = (
			);
			inputPaths = (
			);
			name = "Check Pods Manifest.lock";
			outputPaths = (
			);
			runOnlyForDeploymentPostprocessing = 0;
			shellPath = /bin/sh;
			shellScript = "diff \"${PODS_ROOT}/../Podfile.lock\" \"${PODS_ROOT}/Manifest.lock\" > /dev/null\nif [[ $? != 0 ]] ; then\n    cat << EOM\nerror: The sandbox is not in sync with the Podfile.lock. Run 'pod install' or update your CocoaPods installation.\nEOM\n    exit 1\nfi\n";
			showEnvVarsInLog = 0;
		};
/* End PBXShellScriptBuildPhase section */

/* Begin PBXSourcesBuildPhase section */
		03199AE01BA168F200CD5485 /* Sources */ = {
			isa = PBXSourcesBuildPhase;
			buildActionMask = 2147483647;
			files = (
				03199AEA1BA168F200CD5485 /* AppDelegate.swift in Sources */,
				036B182C1BA6BC8200DFBDD6 /* MoviesViewController.swift in Sources */,
				035E12E61BA80E6D00E53302 /* MovieDescriptionViewController.swift in Sources */,
				036B18311BA6C50A00DFBDD6 /* MovieCell.swift in Sources */,
			);
			runOnlyForDeploymentPostprocessing = 0;
		};
		03199AF51BA168F200CD5485 /* Sources */ = {
			isa = PBXSourcesBuildPhase;
			buildActionMask = 2147483647;
			files = (
				03199B001BA168F200CD5485 /* RottenTomatoesTests.swift in Sources */,
			);
			runOnlyForDeploymentPostprocessing = 0;
		};
/* End PBXSourcesBuildPhase section */

/* Begin PBXTargetDependency section */
		03199AFB1BA168F200CD5485 /* PBXTargetDependency */ = {
			isa = PBXTargetDependency;
			target = 03199AE31BA168F200CD5485 /* RottenTomatoes */;
			targetProxy = 03199AFA1BA168F200CD5485 /* PBXContainerItemProxy */;
		};
/* End PBXTargetDependency section */

/* Begin PBXVariantGroup section */
		03199AED1BA168F200CD5485 /* Main.storyboard */ = {
			isa = PBXVariantGroup;
			children = (
				03199AEE1BA168F200CD5485 /* Base */,
			);
			name = Main.storyboard;
			sourceTree = "<group>";
		};
		03199AF21BA168F200CD5485 /* LaunchScreen.xib */ = {
			isa = PBXVariantGroup;
			children = (
				03199AF31BA168F200CD5485 /* Base */,
			);
			name = LaunchScreen.xib;
			sourceTree = "<group>";
		};
/* End PBXVariantGroup section */

/* Begin XCBuildConfiguration section */
		03199B011BA168F200CD5485 /* Debug */ = {
			isa = XCBuildConfiguration;
			buildSettings = {
				ALWAYS_SEARCH_USER_PATHS = NO;
				CLANG_CXX_LANGUAGE_STANDARD = "gnu++0x";
				CLANG_CXX_LIBRARY = "libc++";
				CLANG_ENABLE_MODULES = YES;
				CLANG_ENABLE_OBJC_ARC = YES;
				CLANG_WARN_BOOL_CONVERSION = YES;
				CLANG_WARN_CONSTANT_CONVERSION = YES;
				CLANG_WARN_DIRECT_OBJC_ISA_USAGE = YES_ERROR;
				CLANG_WARN_EMPTY_BODY = YES;
				CLANG_WARN_ENUM_CONVERSION = YES;
				CLANG_WARN_INT_CONVERSION = YES;
				CLANG_WARN_OBJC_ROOT_CLASS = YES_ERROR;
				CLANG_WARN_UNREACHABLE_CODE = YES;
				CLANG_WARN__DUPLICATE_METHOD_MATCH = YES;
				"CODE_SIGN_IDENTITY[sdk=iphoneos*]" = "iPhone Developer";
				COPY_PHASE_STRIP = NO;
				DEBUG_INFORMATION_FORMAT = "dwarf-with-dsym";
				ENABLE_STRICT_OBJC_MSGSEND = YES;
				GCC_C_LANGUAGE_STANDARD = gnu99;
				GCC_DYNAMIC_NO_PIC = NO;
				GCC_NO_COMMON_BLOCKS = YES;
				GCC_OPTIMIZATION_LEVEL = 0;
				GCC_PREPROCESSOR_DEFINITIONS = (
					"DEBUG=1",
					"$(inherited)",
				);
				GCC_SYMBOLS_PRIVATE_EXTERN = NO;
				GCC_WARN_64_TO_32_BIT_CONVERSION = YES;
				GCC_WARN_ABOUT_RETURN_TYPE = YES_ERROR;
				GCC_WARN_UNDECLARED_SELECTOR = YES;
				GCC_WARN_UNINITIALIZED_AUTOS = YES_AGGRESSIVE;
				GCC_WARN_UNUSED_FUNCTION = YES;
				GCC_WARN_UNUSED_VARIABLE = YES;
				IPHONEOS_DEPLOYMENT_TARGET = 8.4;
				MTL_ENABLE_DEBUG_INFO = YES;
				ONLY_ACTIVE_ARCH = YES;
				SDKROOT = iphoneos;
				SWIFT_OPTIMIZATION_LEVEL = "-Onone";
				TARGETED_DEVICE_FAMILY = "1,2";
			};
			name = Debug;
		};
		03199B021BA168F200CD5485 /* Release */ = {
			isa = XCBuildConfiguration;
			buildSettings = {
				ALWAYS_SEARCH_USER_PATHS = NO;
				CLANG_CXX_LANGUAGE_STANDARD = "gnu++0x";
				CLANG_CXX_LIBRARY = "libc++";
				CLANG_ENABLE_MODULES = YES;
				CLANG_ENABLE_OBJC_ARC = YES;
				CLANG_WARN_BOOL_CONVERSION = YES;
				CLANG_WARN_CONSTANT_CONVERSION = YES;
				CLANG_WARN_DIRECT_OBJC_ISA_USAGE = YES_ERROR;
				CLANG_WARN_EMPTY_BODY = YES;
				CLANG_WARN_ENUM_CONVERSION = YES;
				CLANG_WARN_INT_CONVERSION = YES;
				CLANG_WARN_OBJC_ROOT_CLASS = YES_ERROR;
				CLANG_WARN_UNREACHABLE_CODE = YES;
				CLANG_WARN__DUPLICATE_METHOD_MATCH = YES;
				"CODE_SIGN_IDENTITY[sdk=iphoneos*]" = "iPhone Developer";
				COPY_PHASE_STRIP = NO;
				DEBUG_INFORMATION_FORMAT = "dwarf-with-dsym";
				ENABLE_NS_ASSERTIONS = NO;
				ENABLE_STRICT_OBJC_MSGSEND = YES;
				GCC_C_LANGUAGE_STANDARD = gnu99;
				GCC_NO_COMMON_BLOCKS = YES;
				GCC_WARN_64_TO_32_BIT_CONVERSION = YES;
				GCC_WARN_ABOUT_RETURN_TYPE = YES_ERROR;
				GCC_WARN_UNDECLARED_SELECTOR = YES;
				GCC_WARN_UNINITIALIZED_AUTOS = YES_AGGRESSIVE;
				GCC_WARN_UNUSED_FUNCTION = YES;
				GCC_WARN_UNUSED_VARIABLE = YES;
				IPHONEOS_DEPLOYMENT_TARGET = 8.4;
				MTL_ENABLE_DEBUG_INFO = NO;
				SDKROOT = iphoneos;
				TARGETED_DEVICE_FAMILY = "1,2";
				VALIDATE_PRODUCT = YES;
			};
			name = Release;
		};
		03199B041BA168F200CD5485 /* Debug */ = {
			isa = XCBuildConfiguration;
			baseConfigurationReference = B9196383E1FC792CF0573D6E /* Pods-RottenTomatoes.debug.xcconfig */;
			buildSettings = {
				ASSETCATALOG_COMPILER_APPICON_NAME = AppIcon;
				CLANG_ENABLE_MODULES = YES;
				INFOPLIST_FILE = RottenTomatoes/Info.plist;
				LD_RUNPATH_SEARCH_PATHS = "$(inherited) @executable_path/Frameworks";
				PRODUCT_NAME = "$(TARGET_NAME)";
				SWIFT_OBJC_BRIDGING_HEADER = "RottenTomatoes/RottenTomatoes-Bridging-Header.h";
				SWIFT_OPTIMIZATION_LEVEL = "-Onone";
			};
			name = Debug;
		};
		03199B051BA168F200CD5485 /* Release */ = {
			isa = XCBuildConfiguration;
			baseConfigurationReference = 0389211FEB8D0F002EA681BD /* Pods-RottenTomatoes.release.xcconfig */;
			buildSettings = {
				ASSETCATALOG_COMPILER_APPICON_NAME = AppIcon;
				CLANG_ENABLE_MODULES = YES;
				INFOPLIST_FILE = RottenTomatoes/Info.plist;
				LD_RUNPATH_SEARCH_PATHS = "$(inherited) @executable_path/Frameworks";
				PRODUCT_NAME = "$(TARGET_NAME)";
				SWIFT_OBJC_BRIDGING_HEADER = "RottenTomatoes/RottenTomatoes-Bridging-Header.h";
			};
			name = Release;
		};
		03199B071BA168F200CD5485 /* Debug */ = {
			isa = XCBuildConfiguration;
			buildSettings = {
				BUNDLE_LOADER = "$(TEST_HOST)";
				FRAMEWORK_SEARCH_PATHS = (
					"$(SDKROOT)/Developer/Library/Frameworks",
					"$(inherited)",
				);
				GCC_PREPROCESSOR_DEFINITIONS = (
					"DEBUG=1",
					"$(inherited)",
				);
				INFOPLIST_FILE = RottenTomatoesTests/Info.plist;
				LD_RUNPATH_SEARCH_PATHS = "$(inherited) @executable_path/Frameworks @loader_path/Frameworks";
				PRODUCT_NAME = "$(TARGET_NAME)";
				TEST_HOST = "$(BUILT_PRODUCTS_DIR)/RottenTomatoes.app/RottenTomatoes";
			};
			name = Debug;
		};
		03199B081BA168F200CD5485 /* Release */ = {
			isa = XCBuildConfiguration;
			buildSettings = {
				BUNDLE_LOADER = "$(TEST_HOST)";
				FRAMEWORK_SEARCH_PATHS = (
					"$(SDKROOT)/Developer/Library/Frameworks",
					"$(inherited)",
				);
				INFOPLIST_FILE = RottenTomatoesTests/Info.plist;
				LD_RUNPATH_SEARCH_PATHS = "$(inherited) @executable_path/Frameworks @loader_path/Frameworks";
				PRODUCT_NAME = "$(TARGET_NAME)";
				TEST_HOST = "$(BUILT_PRODUCTS_DIR)/RottenTomatoes.app/RottenTomatoes";
			};
			name = Release;
		};
/* End XCBuildConfiguration section */

/* Begin XCConfigurationList section */
		03199ADF1BA168F200CD5485 /* Build configuration list for PBXProject "RottenTomatoes" */ = {
			isa = XCConfigurationList;
			buildConfigurations = (
				03199B011BA168F200CD5485 /* Debug */,
				03199B021BA168F200CD5485 /* Release */,
			);
			defaultConfigurationIsVisible = 0;
			defaultConfigurationName = Release;
		};
		03199B031BA168F200CD5485 /* Build configuration list for PBXNativeTarget "RottenTomatoes" */ = {
			isa = XCConfigurationList;
			buildConfigurations = (
				03199B041BA168F200CD5485 /* Debug */,
				03199B051BA168F200CD5485 /* Release */,
			);
			defaultConfigurationIsVisible = 0;
			defaultConfigurationName = Release;
		};
		03199B061BA168F200CD5485 /* Build configuration list for PBXNativeTarget "RottenTomatoesTests" */ = {
			isa = XCConfigurationList;
			buildConfigurations = (
				03199B071BA168F200CD5485 /* Debug */,
				03199B081BA168F200CD5485 /* Release */,
			);
			defaultConfigurationIsVisible = 0;
			defaultConfigurationName = Release;
		};
/* End XCConfigurationList section */
	};
	rootObject = 03199ADC1BA168F200CD5485 /* Project object */;
}
